
Microsoft Visual Studio Solution File, Format Version 12.00
# Visual Studio 15
VisualStudioVersion = 15.0.27703.2018
MinimumVisualStudioVersion = 10.0.40219.1
Project("{FAE04EC0-301F-11D3-BF4B-00C04F79EFBC}") = "Merca-API", "API-merca\Merca-API.csproj", "{D725C0A0-AEC2-4F07-A670-52C3F6E76D23}"
EndProject
Global
	GlobalSection(SolutionConfigurationPlatforms) = preSolution
		Debug|Any CPU = Debug|Any CPU
		Release|Any CPU = Release|Any CPU
	EndGlobalSection
	GlobalSection(ProjectConfigurationPlatforms) = postSolution
		{D725C0A0-AEC2-4F07-A670-52C3F6E76D23}.Debug|Any CPU.ActiveCfg = Debug|Any CPU
		{D725C0A0-AEC2-4F07-A670-52C3F6E76D23}.Debug|Any CPU.Build.0 = Debug|Any CPU
		{D725C0A0-AEC2-4F07-A670-52C3F6E76D23}.Release|Any CPU.ActiveCfg = Release|Any CPU
		{D725C0A0-AEC2-4F07-A670-52C3F6E76D23}.Release|Any CPU.Build.0 = Release|Any CPU
	EndGlobalSection
	GlobalSection(SolutionProperties) = preSolution
		HideSolutionNode = FALSE
	EndGlobalSection
	GlobalSection(ExtensibilityGlobals) = postSolution
		SolutionGuid = {0BFBFC01-589F-45BA-892F-F347231CDA52}
	EndGlobalSection
EndGlobal
